
Microsoft Visual Studio Solution File, Format Version 12.00
# Visual Studio Version 17
VisualStudioVersion = 17.1.32407.343
MinimumVisualStudioVersion = 10.0.40219.1
Project("{9A19103F-16F7-4668-BE54-9A1E7A4F7556}") = "ScrapperUnitTests", "ScrapperUnitTests\ScrapperUnitTests.csproj", "{27859DAD-1263-491E-B6AA-6719BA19DD86}"
EndProject
Project("{9A19103F-16F7-4668-BE54-9A1E7A4F7556}") = "ScrapperBlazor", "ScrapperBlazor\ScrapperBlazor.csproj", "{72003330-1F4F-4B75-9D69-1C5F16FCA7B4}"
EndProject
Project("{9A19103F-16F7-4668-BE54-9A1E7A4F7556}") = "Scrapper", "Scrapper\Scrapper.csproj", "{F0BD4600-ED90-4E63-BF24-DEAD7D7AA070}"
EndProject
Project("{9A19103F-16F7-4668-BE54-9A1E7A4F7556}") = "ScrapperCoreWebApp", "ScrapperCoreWebApp\ScrapperCoreWebApp.csproj", "{FE56EB86-552C-4614-986E-528D78D068E1}"
EndProject
Project("{9A19103F-16F7-4668-BE54-9A1E7A4F7556}") = "ScrapperBlazorLibrary", "ScrapperBlazorLibrary\ScrapperBlazorLibrary.csproj", "{D3ADAD54-EA51-4E22-AD78-DBCAF1EE2DA0}"
EndProject
Global
	GlobalSection(SolutionConfigurationPlatforms) = preSolution
		Debug|Any CPU = Debug|Any CPU
		Release|Any CPU = Release|Any CPU
	EndGlobalSection
	GlobalSection(ProjectConfigurationPlatforms) = postSolution
		{27859DAD-1263-491E-B6AA-6719BA19DD86}.Debug|Any CPU.ActiveCfg = Debug|Any CPU
		{27859DAD-1263-491E-B6AA-6719BA19DD86}.Debug|Any CPU.Build.0 = Debug|Any CPU
		{27859DAD-1263-491E-B6AA-6719BA19DD86}.Release|Any CPU.ActiveCfg = Release|Any CPU
		{27859DAD-1263-491E-B6AA-6719BA19DD86}.Release|Any CPU.Build.0 = Release|Any CPU
		{72003330-1F4F-4B75-9D69-1C5F16FCA7B4}.Debug|Any CPU.ActiveCfg = Debug|Any CPU
		{72003330-1F4F-4B75-9D69-1C5F16FCA7B4}.Debug|Any CPU.Build.0 = Debug|Any CPU
		{72003330-1F4F-4B75-9D69-1C5F16FCA7B4}.Release|Any CPU.ActiveCfg = Release|Any CPU
		{72003330-1F4F-4B75-9D69-1C5F16FCA7B4}.Release|Any CPU.Build.0 = Release|Any CPU
		{F0BD4600-ED90-4E63-BF24-DEAD7D7AA070}.Debug|Any CPU.ActiveCfg = Debug|Any CPU
		{F0BD4600-ED90-4E63-BF24-DEAD7D7AA070}.Debug|Any CPU.Build.0 = Debug|Any CPU
		{F0BD4600-ED90-4E63-BF24-DEAD7D7AA070}.Release|Any CPU.ActiveCfg = Release|Any CPU
		{F0BD4600-ED90-4E63-BF24-DEAD7D7AA070}.Release|Any CPU.Build.0 = Release|Any CPU
		{FE56EB86-552C-4614-986E-528D78D068E1}.Debug|Any CPU.ActiveCfg = Debug|Any CPU
		{FE56EB86-552C-4614-986E-528D78D068E1}.Debug|Any CPU.Build.0 = Debug|Any CPU
		{FE56EB86-552C-4614-986E-528D78D068E1}.Release|Any CPU.ActiveCfg = Release|Any CPU
		{FE56EB86-552C-4614-986E-528D78D068E1}.Release|Any CPU.Build.0 = Release|Any CPU
		{D3ADAD54-EA51-4E22-AD78-DBCAF1EE2DA0}.Debug|Any CPU.ActiveCfg = Debug|Any CPU
		{D3ADAD54-EA51-4E22-AD78-DBCAF1EE2DA0}.Debug|Any CPU.Build.0 = Debug|Any CPU
		{D3ADAD54-EA51-4E22-AD78-DBCAF1EE2DA0}.Release|Any CPU.ActiveCfg = Release|Any CPU
		{D3ADAD54-EA51-4E22-AD78-DBCAF1EE2DA0}.Release|Any CPU.Build.0 = Release|Any CPU
	EndGlobalSection
	GlobalSection(SolutionProperties) = preSolution
		HideSolutionNode = FALSE
	EndGlobalSection
	GlobalSection(ExtensibilityGlobals) = postSolution
		SolutionGuid = {6A44C9D3-EE48-4A27-A70F-812B3A546A1D}
	EndGlobalSection
EndGlobal
